PODS:
  - JJGMPageViewController (0.1.0)

DEPENDENCIES:
  - JJGMPageViewController (from `../`)

EXTERNAL SOURCES:
  JJGMPageViewController:
    :path: ../

SPEC CHECKSUMS:
  JJGMPageViewController: eb767c98e76e72dccb7ce376be83ad844ace420e

PODFILE CHECKSUM: df82d7f7ede9d3ba93253fbf119d85e8cb1eab1b

COCOAPODS: 1.2.1
