PODS:
  - JJGMPageViewController (0.1.0)

DEPENDENCIES:
  - JJGMPageViewController (from `../`)

EXTERNAL SOURCES:
  JJGMPageViewController:
    :path: ../

SPEC CHECKSUMS:
  JJGMPageViewController: 4f54a2a5524be53676f9ec17566408c7ac74a7b8

PODFILE CHECKSUM: df82d7f7ede9d3ba93253fbf119d85e8cb1eab1b

COCOAPODS: 1.2.1
